
Microsoft Visual Studio Solution File, Format Version 12.00
# Visual Studio Version 17
VisualStudioVersion = 17.10.35013.160
MinimumVisualStudioVersion = 10.0.40219.1
Project("{FAE04EC0-301F-11D3-BF4B-00C04F79EFBC}") = "BoardGamesApp", "BoardGamesApp\BoardGamesApp.csproj", "{786CBE6A-987C-44D4-A623-1D028E3B42B1}"
EndProject
Global
	GlobalSection(SolutionConfigurationPlatforms) = preSolution
		Debug|Any CPU = Debug|Any CPU
		Release|Any CPU = Release|Any CPU
	EndGlobalSection
	GlobalSection(ProjectConfigurationPlatforms) = postSolution
		{786CBE6A-987C-44D4-A623-1D028E3B42B1}.Debug|Any CPU.ActiveCfg = Debug|Any CPU
		{786CBE6A-987C-44D4-A623-1D028E3B42B1}.Debug|Any CPU.Build.0 = Debug|Any CPU
		{786CBE6A-987C-44D4-A623-1D028E3B42B1}.Release|Any CPU.ActiveCfg = Release|Any CPU
		{786CBE6A-987C-44D4-A623-1D028E3B42B1}.Release|Any CPU.Build.0 = Release|Any CPU
	EndGlobalSection
	GlobalSection(SolutionProperties) = preSolution
		HideSolutionNode = FALSE
	EndGlobalSection
	GlobalSection(ExtensibilityGlobals) = postSolution
		SolutionGuid = {1B119EE9-EBE4-43F3-A042-7FA8928E6CD9}
	EndGlobalSection
EndGlobal
